
Microsoft Visual Studio Solution File, Format Version 12.00
# Visual Studio Version 16
VisualStudioVersion = 16.0.28803.352
MinimumVisualStudioVersion = 10.0.40219.1
Project("{FAE04EC0-301F-11D3-BF4B-00C04F79EFBC}") = "WorkLoadManagement", "WorkLoadManagement.csproj", "{1957695D-6AAA-44D8-93A0-7AE007FEC67E}"
EndProject
Project("{FAE04EC0-301F-11D3-BF4B-00C04F79EFBC}") = "WorkTimeManagementCore", "..\WorkTimeManagementCore\WorkTimeManagementCore.csproj", "{71FCFB2E-9F4D-4F7A-91B0-D9625228A743}"
EndProject
Global
	GlobalSection(SolutionConfigurationPlatforms) = preSolution
		Debug|Any CPU = Debug|Any CPU
		Release|Any CPU = Release|Any CPU
	EndGlobalSection
	GlobalSection(ProjectConfigurationPlatforms) = postSolution
		{1957695D-6AAA-44D8-93A0-7AE007FEC67E}.Debug|Any CPU.ActiveCfg = Debug|Any CPU
		{1957695D-6AAA-44D8-93A0-7AE007FEC67E}.Debug|Any CPU.Build.0 = Debug|Any CPU
		{1957695D-6AAA-44D8-93A0-7AE007FEC67E}.Release|Any CPU.ActiveCfg = Release|Any CPU
		{1957695D-6AAA-44D8-93A0-7AE007FEC67E}.Release|Any CPU.Build.0 = Release|Any CPU
		{71FCFB2E-9F4D-4F7A-91B0-D9625228A743}.Debug|Any CPU.ActiveCfg = Debug|Any CPU
		{71FCFB2E-9F4D-4F7A-91B0-D9625228A743}.Debug|Any CPU.Build.0 = Debug|Any CPU
		{71FCFB2E-9F4D-4F7A-91B0-D9625228A743}.Release|Any CPU.ActiveCfg = Release|Any CPU
		{71FCFB2E-9F4D-4F7A-91B0-D9625228A743}.Release|Any CPU.Build.0 = Release|Any CPU
	EndGlobalSection
	GlobalSection(SolutionProperties) = preSolution
		HideSolutionNode = FALSE
	EndGlobalSection
	GlobalSection(ExtensibilityGlobals) = postSolution
		SolutionGuid = {3E179E4B-2346-4B96-86BE-35669F255D77}
	EndGlobalSection
EndGlobal
